
Microsoft Visual Studio Solution File, Format Version 12.00
# TcXaeShell Solution File, Format Version 11.00
VisualStudioVersion = 15.0.28307.1300
MinimumVisualStudioVersion = 10.0.40219.1
Project("{B1E792BE-AA5F-4E3C-8C82-674BF9C0715B}") = "Tutorial2.3", "Tutorial2.3\Tutorial2.3.tsproj", "{6EBDE1C4-D553-4928-A977-EF517CB1B1D2}"
EndProject
Global
	GlobalSection(SolutionConfigurationPlatforms) = preSolution
		Debug|TwinCAT CE7 (ARMV7) = Debug|TwinCAT CE7 (ARMV7)
		Debug|TwinCAT OS (ARMT2) = Debug|TwinCAT OS (ARMT2)
		Debug|TwinCAT RT (x64) = Debug|TwinCAT RT (x64)
		Debug|TwinCAT RT (x86) = Debug|TwinCAT RT (x86)
		Release|TwinCAT CE7 (ARMV7) = Release|TwinCAT CE7 (ARMV7)
		Release|TwinCAT OS (ARMT2) = Release|TwinCAT OS (ARMT2)
		Release|TwinCAT RT (x64) = Release|TwinCAT RT (x64)
		Release|TwinCAT RT (x86) = Release|TwinCAT RT (x86)
	EndGlobalSection
	GlobalSection(ProjectConfigurationPlatforms) = postSolution
		{6EBDE1C4-D553-4928-A977-EF517CB1B1D2}.Debug|TwinCAT CE7 (ARMV7).ActiveCfg = Debug|TwinCAT CE7 (ARMV7)
		{6EBDE1C4-D553-4928-A977-EF517CB1B1D2}.Debug|TwinCAT CE7 (ARMV7).Build.0 = Debug|TwinCAT CE7 (ARMV7)
		{6EBDE1C4-D553-4928-A977-EF517CB1B1D2}.Debug|TwinCAT OS (ARMT2).ActiveCfg = Debug|TwinCAT OS (ARMT2)
		{6EBDE1C4-D553-4928-A977-EF517CB1B1D2}.Debug|TwinCAT OS (ARMT2).Build.0 = Debug|TwinCAT OS (ARMT2)
		{6EBDE1C4-D553-4928-A977-EF517CB1B1D2}.Debug|TwinCAT RT (x64).ActiveCfg = Debug|TwinCAT RT (x64)
		{6EBDE1C4-D553-4928-A977-EF517CB1B1D2}.Debug|TwinCAT RT (x64).Build.0 = Debug|TwinCAT RT (x64)
		{6EBDE1C4-D553-4928-A977-EF517CB1B1D2}.Debug|TwinCAT RT (x86).ActiveCfg = Debug|TwinCAT RT (x86)
		{6EBDE1C4-D553-4928-A977-EF517CB1B1D2}.Debug|TwinCAT RT (x86).Build.0 = Debug|TwinCAT RT (x86)
		{6EBDE1C4-D553-4928-A977-EF517CB1B1D2}.Release|TwinCAT CE7 (ARMV7).ActiveCfg = Release|TwinCAT CE7 (ARMV7)
		{6EBDE1C4-D553-4928-A977-EF517CB1B1D2}.Release|TwinCAT CE7 (ARMV7).Build.0 = Release|TwinCAT CE7 (ARMV7)
		{6EBDE1C4-D553-4928-A977-EF517CB1B1D2}.Release|TwinCAT OS (ARMT2).ActiveCfg = Release|TwinCAT OS (ARMT2)
		{6EBDE1C4-D553-4928-A977-EF517CB1B1D2}.Release|TwinCAT OS (ARMT2).Build.0 = Release|TwinCAT OS (ARMT2)
		{6EBDE1C4-D553-4928-A977-EF517CB1B1D2}.Release|TwinCAT RT (x64).ActiveCfg = Release|TwinCAT RT (x64)
		{6EBDE1C4-D553-4928-A977-EF517CB1B1D2}.Release|TwinCAT RT (x64).Build.0 = Release|TwinCAT RT (x64)
		{6EBDE1C4-D553-4928-A977-EF517CB1B1D2}.Release|TwinCAT RT (x86).ActiveCfg = Release|TwinCAT RT (x86)
		{6EBDE1C4-D553-4928-A977-EF517CB1B1D2}.Release|TwinCAT RT (x86).Build.0 = Release|TwinCAT RT (x86)
		{9FCEC79C-199C-4CDF-97E9-021C3F6470BC}.Debug|TwinCAT CE7 (ARMV7).ActiveCfg = Debug|TwinCAT CE7 (ARMV7)
		{9FCEC79C-199C-4CDF-97E9-021C3F6470BC}.Debug|TwinCAT CE7 (ARMV7).Build.0 = Debug|TwinCAT CE7 (ARMV7)
		{9FCEC79C-199C-4CDF-97E9-021C3F6470BC}.Debug|TwinCAT OS (ARMT2).ActiveCfg = Debug|TwinCAT OS (ARMT2)
		{9FCEC79C-199C-4CDF-97E9-021C3F6470BC}.Debug|TwinCAT OS (ARMT2).Build.0 = Debug|TwinCAT OS (ARMT2)
		{9FCEC79C-199C-4CDF-97E9-021C3F6470BC}.Debug|TwinCAT RT (x64).ActiveCfg = Debug|TwinCAT RT (x64)
		{9FCEC79C-199C-4CDF-97E9-021C3F6470BC}.Debug|TwinCAT RT (x64).Build.0 = Debug|TwinCAT RT (x64)
		{9FCEC79C-199C-4CDF-97E9-021C3F6470BC}.Debug|TwinCAT RT (x86).ActiveCfg = Debug|TwinCAT RT (x86)
		{9FCEC79C-199C-4CDF-97E9-021C3F6470BC}.Debug|TwinCAT RT (x86).Build.0 = Debug|TwinCAT RT (x86)
		{9FCEC79C-199C-4CDF-97E9-021C3F6470BC}.Release|TwinCAT CE7 (ARMV7).ActiveCfg = Release|TwinCAT CE7 (ARMV7)
		{9FCEC79C-199C-4CDF-97E9-021C3F6470BC}.Release|TwinCAT CE7 (ARMV7).Build.0 = Release|TwinCAT CE7 (ARMV7)
		{9FCEC79C-199C-4CDF-97E9-021C3F6470BC}.Release|TwinCAT OS (ARMT2).ActiveCfg = Release|TwinCAT OS (ARMT2)
		{9FCEC79C-199C-4CDF-97E9-021C3F6470BC}.Release|TwinCAT OS (ARMT2).Build.0 = Release|TwinCAT OS (ARMT2)
		{9FCEC79C-199C-4CDF-97E9-021C3F6470BC}.Release|TwinCAT RT (x64).ActiveCfg = Release|TwinCAT RT (x64)
		{9FCEC79C-199C-4CDF-97E9-021C3F6470BC}.Release|TwinCAT RT (x64).Build.0 = Release|TwinCAT RT (x64)
		{9FCEC79C-199C-4CDF-97E9-021C3F6470BC}.Release|TwinCAT RT (x86).ActiveCfg = Release|TwinCAT RT (x86)
		{9FCEC79C-199C-4CDF-97E9-021C3F6470BC}.Release|TwinCAT RT (x86).Build.0 = Release|TwinCAT RT (x86)
	EndGlobalSection
	GlobalSection(SolutionProperties) = preSolution
		HideSolutionNode = FALSE
	EndGlobalSection
	GlobalSection(ExtensibilityGlobals) = postSolution
		SolutionGuid = {679F1D5E-5E2D-4401-BD90-662097375E89}
	EndGlobalSection
EndGlobal
